
Microsoft Visual Studio Solution File, Format Version 12.00
# Visual Studio Version 16
VisualStudioVersion = 16.0.29509.3
MinimumVisualStudioVersion = 10.0.40219.1
Project("{FAE04EC0-301F-11D3-BF4B-00C04F79EFBC}") = "housematesDBMS", "housmatesDBMS\housematesDBMS.csproj", "{2C244650-31DB-4936-AB84-C36FC12DA4CD}"
EndProject
Global
	GlobalSection(SolutionConfigurationPlatforms) = preSolution
		Debug|Any CPU = Debug|Any CPU
		Release|Any CPU = Release|Any CPU
	EndGlobalSection
	GlobalSection(ProjectConfigurationPlatforms) = postSolution
		{2C244650-31DB-4936-AB84-C36FC12DA4CD}.Debug|Any CPU.ActiveCfg = Debug|Any CPU
		{2C244650-31DB-4936-AB84-C36FC12DA4CD}.Debug|Any CPU.Build.0 = Debug|Any CPU
		{2C244650-31DB-4936-AB84-C36FC12DA4CD}.Release|Any CPU.ActiveCfg = Release|Any CPU
		{2C244650-31DB-4936-AB84-C36FC12DA4CD}.Release|Any CPU.Build.0 = Release|Any CPU
	EndGlobalSection
	GlobalSection(SolutionProperties) = preSolution
		HideSolutionNode = FALSE
	EndGlobalSection
	GlobalSection(ExtensibilityGlobals) = postSolution
		SolutionGuid = {F4FC7814-2526-4679-80CE-5C5389915A98}
	EndGlobalSection
EndGlobal
